
Microsoft Visual Studio Solution File, Format Version 12.00
# Visual Studio Version 17
VisualStudioVersion = 17.10.35122.118
MinimumVisualStudioVersion = 10.0.40219.1
Project("{FAE04EC0-301F-11D3-BF4B-00C04F79EFBC}") = "Fundamentos", "Fundamentos\Fundamentos.csproj", "{5B40E104-8C2A-44A1-B51A-A8FB57884628}"
EndProject
Global
	GlobalSection(SolutionConfigurationPlatforms) = preSolution
		Debug|Any CPU = Debug|Any CPU
		Release|Any CPU = Release|Any CPU
	EndGlobalSection
	GlobalSection(ProjectConfigurationPlatforms) = postSolution
		{5B40E104-8C2A-44A1-B51A-A8FB57884628}.Debug|Any CPU.ActiveCfg = Debug|Any CPU
		{5B40E104-8C2A-44A1-B51A-A8FB57884628}.Debug|Any CPU.Build.0 = Debug|Any CPU
		{5B40E104-8C2A-44A1-B51A-A8FB57884628}.Release|Any CPU.ActiveCfg = Release|Any CPU
		{5B40E104-8C2A-44A1-B51A-A8FB57884628}.Release|Any CPU.Build.0 = Release|Any CPU
	EndGlobalSection
	GlobalSection(SolutionProperties) = preSolution
		HideSolutionNode = FALSE
	EndGlobalSection
	GlobalSection(ExtensibilityGlobals) = postSolution
		SolutionGuid = {644E0BFA-2B15-4435-B30C-FA1759BA2524}
	EndGlobalSection
EndGlobal
